{
  "requires": true,
  "lockfileVersion": 1,
  "dependencies": {
    "@act/service-agent": {
      "version": "0.1.5",
      "resolved": "http://10.159.5.103:4873/@act%2fservice-agent/-/service-agent-0.1.5.tgz",
      "integrity": "sha512-SmrhgUZSk8tFpvsra912i2IB1r6AG2Ykxj7rDckMXTuqck6MvHTVQOHsXYGlYij/L3R/xRWFNTxp/NeHvEh8nw==",
      "requires": {
        "@types/node": "^14.14.9",
        "@types/nprogress": "^0.2.0",
        "@types/qs": "^6.9.5",
        "axios": "^0.21.0",
        "nprogress": "^0.2.0"
      }
    },
    "@act/slime-modal": {
      "version": "0.2.6",
      "resolved": "http://10.159.5.103:4873/@act%2fslime-modal/-/slime-modal-0.2.6.tgz",
      "integrity": "sha512-ngR0u95ZBCFaeWdU/ZtvMXqxwxPHp7xcR6RT7eLEE/Haeet2jPkRkBcGUucxSRhk84bNDw1U7kIMYW6wHBSTpw==",
      "requires": {
        "@types/body-scroll-lock": "^2.6.1",
        "body-scroll-lock": "^3.1.5",
        "perfect-scrollbar": "^1.5.0"
      }
    },
    "@types/body-scroll-lock": {
      "version": "2.6.1",
      "resolved": "https://registry.npmjs.org/@types/body-scroll-lock/-/body-scroll-lock-2.6.1.tgz",
      "integrity": "sha512-PPFm/2A6LfKmSpvMg58gHtSqwwMChbcKKGhSCRIhY4MyFzhY8moAN6HrTCpOeZQUqkFdTFfMqr7njeqGLKt72Q=="
    },
    "@types/node": {
      "version": "14.14.9",
      "resolved": "https://registry.npmjs.org/@types/node/-/node-14.14.9.tgz",
      "integrity": "sha512-JsoLXFppG62tWTklIoO4knA+oDTYsmqWxHRvd4lpmfQRNhX6osheUOWETP2jMoV/2bEHuMra8Pp3Dmo/stBFcw=="
    },
    "@types/nprogress": {
      "version": "0.2.0",
      "resolved": "https://registry.npmjs.org/@types/nprogress/-/nprogress-0.2.0.tgz",
      "integrity": "sha512-1cYJrqq9GezNFPsWTZpFut/d4CjpZqA0vhqDUPFWYKF1oIyBz5qnoYMzR+0C/T96t3ebLAC1SSnwrVOm5/j74A=="
    },
    "@types/qs": {
      "version": "6.9.5",
      "resolved": "https://registry.npmjs.org/@types/qs/-/qs-6.9.5.tgz",
      "integrity": "sha512-/JHkVHtx/REVG0VVToGRGH2+23hsYLHdyG+GrvoUGlGAd0ErauXDyvHtRI/7H7mzLm+tBCKA7pfcpkQ1lf58iQ=="
    },
    "axios": {
      "version": "0.21.0",
      "resolved": "https://registry.npmjs.org/axios/-/axios-0.21.0.tgz",
      "integrity": "sha512-fmkJBknJKoZwem3/IKSSLpkdNXZeBu5Q7GA/aRsr2btgrptmSCxi2oFjZHqGdK9DoTil9PIHlPIZw2EcRJXRvw==",
      "requires": {
        "follow-redirects": "^1.10.0"
      }
    },
    "body-scroll-lock": {
      "version": "3.1.5",
      "resolved": "https://registry.npmjs.org/body-scroll-lock/-/body-scroll-lock-3.1.5.tgz",
      "integrity": "sha512-Yi1Xaml0EvNA0OYWxXiYNqY24AfWkbA6w5vxE7GWxtKfzIbZM+Qw+aSmkgsbWzbHiy/RCSkUZBplVxTA+E4jJg=="
    },
    "follow-redirects": {
      "version": "1.13.0",
      "resolved": "https://registry.npmjs.org/follow-redirects/-/follow-redirects-1.13.0.tgz",
      "integrity": "sha512-aq6gF1BEKje4a9i9+5jimNFIpq4Q1WiwBToeRK5NvZBd/TRsmW8BsJfOEGkr76TbOyPVD3OVDN910EcUNtRYEA=="
    },
    "nprogress": {
      "version": "0.2.0",
      "resolved": "https://registry.npmjs.org/nprogress/-/nprogress-0.2.0.tgz",
      "integrity": "sha1-y480xTIT2JVyP8urkH6UIq28r7E="
    },
    "perfect-scrollbar": {
      "version": "1.5.0",
      "resolved": "https://registry.npmjs.org/perfect-scrollbar/-/perfect-scrollbar-1.5.0.tgz",
      "integrity": "sha512-NrNHJn5mUGupSiheBTy6x+6SXCFbLlm8fVZh9moIzw/LgqElN5q4ncR4pbCBCYuCJ8Kcl9mYM0NgDxvW+b4LxA=="
    }
  }
}
