{
  "requires": true,
  "lockfileVersion": 1,
  "dependencies": {
    "@act/perfect-scrollbar": {
      "version": "1.5.1",
      "resolved": "http://10.159.5.103:4873/@act%2fperfect-scrollbar/-/perfect-scrollbar-1.5.1.tgz",
      "integrity": "sha512-KwkmxbU6o7qjRyjsHFcZFr3Jsy6neBO93z3g78yHiU30ZUjHEJpLFEo1mrrUZO2PgtB4gj6hwMTlbf1OWF4yLA=="
    },
    "@act/service-agent": {
      "version": "0.1.6",
      "resolved": "http://10.159.5.103:4873/@act%2fservice-agent/-/service-agent-0.1.6.tgz",
      "integrity": "sha512-XcLn2mqy3ofICuQ7PIQZsORYfGN75npVbUjgBhrdwY1FmbI2/pGnUWid5nWYzn5bjcFwNXfiv1ikxiCoPj8Dhw==",
      "requires": {
        "@types/node": "^14.14.22",
        "@types/nprogress": "^0.2.0",
        "@types/qs": "^6.9.5",
        "axios": "^0.21.1",
        "nprogress": "^0.2.0"
      }
    },
    "@act/slime-modal": {
      "version": "0.2.10",
      "resolved": "http://10.159.133.110:4873/@act%2fslime-modal/-/slime-modal-0.2.10.tgz",
      "integrity": "sha512-ftf6REsnGikFvbATdOrXOy78aJC1g9/fnaEaN22JqR70c7wHrdo44OSSaGsusMGcmslTim/HZQjXnB03coVHVw==",
      "requires": {
        "@act/perfect-scrollbar": "^1.5.1",
        "@types/body-scroll-lock": "^2.6.1",
        "body-scroll-lock": "^3.1.5"
      }
    },
    "@types/body-scroll-lock": {
      "version": "2.6.2",
      "resolved": "https://registry.npmjs.org/@types/body-scroll-lock/-/body-scroll-lock-2.6.2.tgz",
      "integrity": "sha512-PhoQPbwPYspXqf7lkwtF7aJzAwL88t+9E/e0b2X84tlHpU8ZuS9UNnLtkT0XhyZJYHpET5qRfIdZ0HBIxuc7HQ=="
    },
    "@types/node": {
      "version": "14.14.22",
      "resolved": "https://registry.npmjs.org/@types/node/-/node-14.14.22.tgz",
      "integrity": "sha512-g+f/qj/cNcqKkc3tFqlXOYjrmZA+jNBiDzbP3kH+B+otKFqAdPgVTGP1IeKRdMml/aE69as5S4FqtxAbl+LaMw=="
    },
    "@types/nprogress": {
      "version": "0.2.0",
      "resolved": "https://registry.npmjs.org/@types/nprogress/-/nprogress-0.2.0.tgz",
      "integrity": "sha512-1cYJrqq9GezNFPsWTZpFut/d4CjpZqA0vhqDUPFWYKF1oIyBz5qnoYMzR+0C/T96t3ebLAC1SSnwrVOm5/j74A=="
    },
    "@types/qs": {
      "version": "6.9.5",
      "resolved": "https://registry.npmjs.org/@types/qs/-/qs-6.9.5.tgz",
      "integrity": "sha512-/JHkVHtx/REVG0VVToGRGH2+23hsYLHdyG+GrvoUGlGAd0ErauXDyvHtRI/7H7mzLm+tBCKA7pfcpkQ1lf58iQ=="
    },
    "axios": {
      "version": "0.21.1",
      "resolved": "https://registry.npmjs.org/axios/-/axios-0.21.1.tgz",
      "integrity": "sha512-dKQiRHxGD9PPRIUNIWvZhPTPpl1rf/OxTYKsqKUDjBwYylTvV7SjSHJb9ratfyzM6wCdLCOYLzs73qpg5c4iGA==",
      "requires": {
        "follow-redirects": "^1.10.0"
      }
    },
    "body-scroll-lock": {
      "version": "3.1.5",
      "resolved": "https://registry.npmjs.org/body-scroll-lock/-/body-scroll-lock-3.1.5.tgz",
      "integrity": "sha512-Yi1Xaml0EvNA0OYWxXiYNqY24AfWkbA6w5vxE7GWxtKfzIbZM+Qw+aSmkgsbWzbHiy/RCSkUZBplVxTA+E4jJg=="
    },
    "follow-redirects": {
      "version": "1.13.2",
      "resolved": "https://registry.npmjs.org/follow-redirects/-/follow-redirects-1.13.2.tgz",
      "integrity": "sha512-6mPTgLxYm3r6Bkkg0vNM0HTjfGrOEtsfbhagQvbxDEsEkpNhw582upBaoRZylzen6krEmxXJgt9Ju6HiI4O7BA=="
    },
    "noty": {
      "version": "3.2.0-beta-deprecated",
      "resolved": "https://registry.npmjs.org/noty/-/noty-3.2.0-beta-deprecated.tgz",
      "integrity": "sha512-ntRbHuQ9SnnnVFZm/oq5L1DBCaHQUvsU24AwZH3PGjAWx2YqR/IhOadMk11vmJovYiQo00oqTj6Hp+D6PGtmLA=="
    },
    "nprogress": {
      "version": "0.2.0",
      "resolved": "https://registry.npmjs.org/nprogress/-/nprogress-0.2.0.tgz",
      "integrity": "sha1-y480xTIT2JVyP8urkH6UIq28r7E="
    }
  }
}
